{
  "version": "5",
  "specifiers": {
    "jsr:@perish/harness@0.2.0-beta.3": "0.2.0-beta.3",
    "jsr:@std/cli@1.0.30": "1.0.30"
  },
  "jsr": {
    "@perish/harness@0.2.0-beta.3": {
      "integrity": "ce9ceb5c0374f4e24b0cc3fda5379dfd9a957a45390df4447f0946a0e8a00e8e",
      "dependencies": [
        "jsr:@std/cli"
      ]
    },
    "@std/cli@1.0.30": {
      "integrity": "769446536522d0417d7127ebcabcafac1ab0ce6766d0eb3fca1d36326fe98d13"
    }
  },
  "workspace": {
    "dependencies": [
      "jsr:@perish/harness@0.2.0-beta.3"
    ]
  }
}
