{
  "version": "5",
  "specifiers": {
    "jsr:@perish/harness@0.2.0-beta.1": "0.2.0-beta.1",
    "jsr:@std/cli@1.0.30": "1.0.30"
  },
  "jsr": {
    "@perish/harness@0.2.0-beta.1": {
      "integrity": "9481b3aca898a13d414be6ad47fa2dda4eac53439edda9c95e0d64d5a9ecf108",
      "dependencies": [
        "jsr:@std/cli"
      ]
    },
    "@std/cli@1.0.30": {
      "integrity": "769446536522d0417d7127ebcabcafac1ab0ce6766d0eb3fca1d36326fe98d13"
    }
  },
  "workspace": {
    "dependencies": [
      "jsr:@perish/harness@0.2.0-beta.1"
    ]
  }
}
