{
  "version": "5",
  "specifiers": {
    "jsr:@perish/harness@0.2.0-beta.7": "0.2.0-beta.7",
    "jsr:@std/cli@1.0.30": "1.0.30"
  },
  "jsr": {
    "@perish/harness@0.2.0-beta.7": {
      "integrity": "3735c9d8c6f6cdb15f572c6c563ca5674db3c5d422a9c00d0494cb0cdd902af1",
      "dependencies": [
        "jsr:@std/cli"
      ]
    },
    "@std/cli@1.0.30": {
      "integrity": "769446536522d0417d7127ebcabcafac1ab0ce6766d0eb3fca1d36326fe98d13"
    }
  },
  "workspace": {
    "dependencies": [
      "jsr:@perish/harness@0.2.0-beta.7"
    ]
  }
}
